
SPEC CHECKSUMS: 
  UIColor-Utilities: 4f11f7e81279a041471b4f9acd850059b6bb9309
  iOS-Color-Picker: b02317570d861c467da31e1f7c8ced209b8f35c8

PODS: 
- UIColor-Utilities (1.0)
- iOS-Color-Picker (0.0.6): 
  - UIColor-Utilities (~> 1.0)

DEPENDENCIES: 
- iOS-Color-Picker (~> 0.0.6)

COCOAPODS: 0.14.0
